<?xml version="1.0" encoding="utf-8"?>
<Project ToolsVersion="4.0" xmlns="http://schemas.microsoft.com/developer/msbuild/2003">
  <ItemGroup>
    <Filter Include="Fichiers sources">
      <UniqueIdentifier>{4FC737F1-C7A5-4376-A066-2A32D752A2FF}</UniqueIdentifier>
      <Extensions>cpp;c;cc;cxx;c++;cppm;ixx;def;odl;idl;hpj;bat;asm;asmx</Extensions>
    </Filter>
    <Filter Include="Fichiers d%27en-tête">
      <UniqueIdentifier>{93995380-89BD-4b04-88EB-625FBE52EBFB}</UniqueIdentifier>
      <Extensions>h;hh;hpp;hxx;h++;hm;inl;inc;ipp;xsd</Extensions>
    </Filter>
    <Filter Include="Fichiers de ressources">
      <UniqueIdentifier>{67DA6AB6-F800-4c08-8B7A-83BB121AAD01}</UniqueIdentifier>
      <Extensions>rc;ico;cur;bmp;dlg;rc2;rct;bin;rgs;gif;jpg;jpeg;jpe;resx;tiff;tif;png;wav;mfcribbon-ms</Extensions>
    </Filter>
    <Filter Include="Fichiers sources\main">
      <UniqueIdentifier>{0395f527-dbf3-42f2-bdcd-045d00ce487a}</UniqueIdentifier>
    </Filter>
    <Filter Include="Fichiers d%27en-tête\main">
      <UniqueIdentifier>{ec5bec0d-cd41-4b57-80e2-956e9a584c82}</UniqueIdentifier>
    </Filter>
    <Filter Include="Fichiers d%27en-tête\models">
      <UniqueIdentifier>{0457abbd-2d37-4b7f-b444-2f6f022972f5}</UniqueIdentifier>
    </Filter>
    <Filter Include="Fichiers sources\models">
      <UniqueIdentifier>{868fda92-51e3-409b-83d1-0e38cfa797ef}</UniqueIdentifier>
    </Filter>
  </ItemGroup>
  <ItemGroup>
    <ClCompile Include="register_types.cpp">
      <Filter>Fichiers sources\main</Filter>
    </ClCompile>
    <ClCompile Include="example.cpp">
      <Filter>Fichiers sources\main</Filter>
    </ClCompile>
    <ClCompile Include="Tower.cpp">
      <Filter>Fichiers sources\models</Filter>
    </ClCompile>
    <ClCompile Include="Unit.cpp">
      <Filter>Fichiers sources\models</Filter>
    </ClCompile>
    <ClCompile Include="Weapon.cpp">
      <Filter>Fichiers sources\models</Filter>
    </ClCompile>
    <ClCompile Include="Projectile.cpp">
      <Filter>Fichiers sources\models</Filter>
    </ClCompile>
  </ItemGroup>
  <ItemGroup>
    <ClInclude Include="register_types.h">
      <Filter>Fichiers d%27en-tête\main</Filter>
    </ClInclude>
    <ClInclude Include="example.h">
      <Filter>Fichiers d%27en-tête\main</Filter>
    </ClInclude>
    <ClInclude Include="Tower.h">
      <Filter>Fichiers d%27en-tête\models</Filter>
    </ClInclude>
    <ClInclude Include="Unit.h">
      <Filter>Fichiers d%27en-tête\models</Filter>
    </ClInclude>
    <ClInclude Include="Weapon.h">
      <Filter>Fichiers d%27en-tête\models</Filter>
    </ClInclude>
    <ClInclude Include="Projectile.h">
      <Filter>Fichiers d%27en-tête\models</Filter>
    </ClInclude>
  </ItemGroup>
  <ItemGroup>
    <Object Include="Tower.obj" />
  </ItemGroup>
</Project>